
Microsoft Visual Studio Solution File, Format Version 12.00
# Visual Studio Version 16
VisualStudioVersion = 16.0.31321.278
MinimumVisualStudioVersion = 10.0.40219.1
Project("{FAE04EC0-301F-11D3-BF4B-00C04F79EFBC}") = "While", "While\While.csproj", "{F17DFD4D-4337-417E-8633-4210FFFAD8B8}"
EndProject
Global
	GlobalSection(SolutionConfigurationPlatforms) = preSolution
		Debug|Any CPU = Debug|Any CPU
		Release|Any CPU = Release|Any CPU
	EndGlobalSection
	GlobalSection(ProjectConfigurationPlatforms) = postSolution
		{F17DFD4D-4337-417E-8633-4210FFFAD8B8}.Debug|Any CPU.ActiveCfg = Debug|Any CPU
		{F17DFD4D-4337-417E-8633-4210FFFAD8B8}.Debug|Any CPU.Build.0 = Debug|Any CPU
		{F17DFD4D-4337-417E-8633-4210FFFAD8B8}.Release|Any CPU.ActiveCfg = Release|Any CPU
		{F17DFD4D-4337-417E-8633-4210FFFAD8B8}.Release|Any CPU.Build.0 = Release|Any CPU
	EndGlobalSection
	GlobalSection(SolutionProperties) = preSolution
		HideSolutionNode = FALSE
	EndGlobalSection
	GlobalSection(ExtensibilityGlobals) = postSolution
		SolutionGuid = {65BC5201-3D67-41A0-A776-A14BCDB8D300}
	EndGlobalSection
EndGlobal
